// !$*UTF8*$!
{
	archiveVersion = 1;
	classes = {
	};
	objectVersion = 50;
	objects = {

/* Begin PBXBuildFile section */
		2B19AC93247441B100889BC7 /* AppDelegate.swift in Sources */ = {isa = PBXBuildFile; fileRef = 2B19AC92247441B100889BC7 /* AppDelegate.swift */; };
		2B19AC95247441B100889BC7 /* SceneDelegate.swift in Sources */ = {isa = PBXBuildFile; fileRef = 2B19AC94247441B100889BC7 /* SceneDelegate.swift */; };
		2B19AC97247441B100889BC7 /* ViewController.swift in Sources */ = {isa = PBXBuildFile; fileRef = 2B19AC96247441B100889BC7 /* ViewController.swift */; };
		2B19AC9A247441B100889BC7 /* Main.storyboard in Resources */ = {isa = PBXBuildFile; fileRef = 2B19AC98247441B100889BC7 /* Main.storyboard */; };
		2B19AC9C247441B200889BC7 /* Assets.xcassets in Resources */ = {isa = PBXBuildFile; fileRef = 2B19AC9B247441B200889BC7 /* Assets.xcassets */; };
		2B19AC9F247441B200889BC7 /* LaunchScreen.storyboard in Resources */ = {isa = PBXBuildFile; fileRef = 2B19AC9D247441B200889BC7 /* LaunchScreen.storyboard */; };
/* End PBXBuildFile section */

/* Begin PBXFileReference section */
		2B19AC8F247441B100889BC7 /* Traffic lights.app */ = {isa = PBXFileReference; explicitFileType = wrapper.application; includeInIndex = 0; path = "Traffic lights.app"; sourceTree = BUILT_PRODUCTS_DIR; };
		2B19AC92247441B100889BC7 /* AppDelegate.swift */ = {isa = PBXFileReference; lastKnownFileType = sourcecode.swift; path = AppDelegate.swift; sourceTree = "<group>"; };
		2B19AC94247441B100889BC7 /* SceneDelegate.swift */ = {isa = PBXFileReference; lastKnownFileType = sourcecode.swift; path = SceneDelegate.swift; sourceTree = "<group>"; };
		2B19AC96247441B100889BC7 /* ViewController.swift */ = {isa = PBXFileReference; lastKnownFileType = sourcecode.swift; path = ViewController.swift; sourceTree = "<group>"; };
		2B19AC99247441B100889BC7 /* Base */ = {isa = PBXFileReference; lastKnownFileType = file.storyboard; name = Base; path = Base.lproj/Main.storyboard; sourceTree = "<group>"; };
		2B19AC9B247441B200889BC7 /* Assets.xcassets */ = {isa = PBXFileReference; lastKnownFileType = folder.assetcatalog; path = Assets.xcassets; sourceTree = "<group>"; };
		2B19AC9E247441B200889BC7 /* Base */ = {isa = PBXFileReference; lastKnownFileType = file.storyboard; name = Base; path = Base.lproj/LaunchScreen.storyboard; sourceTree = "<group>"; };
		2B19ACA0247441B200889BC7 /* Info.plist */ = {isa = PBXFileReference; lastKnownFileType = text.plist.xml; path = Info.plist; sourceTree = "<group>"; };
/* End PBXFileReference section */

/* Begin PBXFrameworksBuildPhase section */
		2B19AC8C247441B100889BC7 /* Frameworks */ = {
			isa = PBXFrameworksBuildPhase;
			buildActionMask = 2147483647;
			files = (
			);
			runOnlyForDeploymentPostprocessing = 0;
		};
/* End PBXFrameworksBuildPhase section */

/* Begin PBXGroup section */
		2B19AC86247441B100889BC7 = {
			isa = PBXGroup;
			children = (
				2B19AC91247441B100889BC7 /* ParshinPS_HW2.1 task 2 */,
				2B19AC90247441B100889BC7 /* Products */,
			);
			sourceTree = "<group>";
		};
		2B19AC90247441B100889BC7 /* Products */ = {
			isa = PBXGroup;
			children = (
				2B19AC8F247441B100889BC7 /* Traffic lights.app */,
			);
			name = Products;
			sourceTree = "<group>";
		};
		2B19AC91247441B100889BC7 /* ParshinPS_HW2.1 task 2 */ = {
			isa = PBXGroup;
			children = (
				2B19AC92247441B100889BC7 /* AppDelegate.swift */,
				2B19AC94247441B100889BC7 /* SceneDelegate.swift */,
				2B19AC96247441B100889BC7 /* ViewController.swift */,
				2B19AC98247441B100889BC7 /* Main.storyboard */,
				2B19AC9B247441B200889BC7 /* Assets.xcassets */,
				2B19AC9D247441B200889BC7 /* LaunchScreen.storyboard */,
				2B19ACA0247441B200889BC7 /* Info.plist */,
			);
			path = "ParshinPS_HW2.1 task 2";
			sourceTree = "<group>";
		};
/* End PBXGroup section */

/* Begin PBXNativeTarget section */
		2B19AC8E247441B100889BC7 /* ParshinPS_HW2.1 task 2 */ = {
			isa = PBXNativeTarget;
			buildConfigurationList = 2B19ACA3247441B200889BC7 /* Build configuration list for PBXNativeTarget "ParshinPS_HW2.1 task 2" */;
			buildPhases = (
				2B19AC8B247441B100889BC7 /* Sources */,
				2B19AC8C247441B100889BC7 /* Frameworks */,
				2B19AC8D247441B100889BC7 /* Resources */,
			);
			buildRules = (
			);
			dependencies = (
			);
			name = "ParshinPS_HW2.1 task 2";
			productName = "ParshinPS_HW2.1 task 2";
			productReference = 2B19AC8F247441B100889BC7 /* Traffic lights.app */;
			productType = "com.apple.product-type.application";
		};
/* End PBXNativeTarget section */

/* Begin PBXProject section */
		2B19AC87247441B100889BC7 /* Project object */ = {
			isa = PBXProject;
			attributes = {
				LastSwiftUpdateCheck = 1140;
				LastUpgradeCheck = 1140;
				ORGANIZATIONNAME = "Pavel Parshin";
				TargetAttributes = {
					2B19AC8E247441B100889BC7 = {
						CreatedOnToolsVersion = 11.4.1;
					};
				};
			};
			buildConfigurationList = 2B19AC8A247441B100889BC7 /* Build configuration list for PBXProject "ParshinPS_HW2.1 task 2" */;
			compatibilityVersion = "Xcode 9.3";
			developmentRegion = en;
			hasScannedForEncodings = 0;
			knownRegions = (
				en,
				Base,
			);
			mainGroup = 2B19AC86247441B100889BC7;
			productRefGroup = 2B19AC90247441B100889BC7 /* Products */;
			projectDirPath = "";
			projectRoot = "";
			targets = (
				2B19AC8E247441B100889BC7 /* ParshinPS_HW2.1 task 2 */,
			);
		};
/* End PBXProject section */

/* Begin PBXResourcesBuildPhase section */
		2B19AC8D247441B100889BC7 /* Resources */ = {
			isa = PBXResourcesBuildPhase;
			buildActionMask = 2147483647;
			files = (
				2B19AC9F247441B200889BC7 /* LaunchScreen.storyboard in Resources */,
				2B19AC9C247441B200889BC7 /* Assets.xcassets in Resources */,
				2B19AC9A247441B100889BC7 /* Main.storyboard in Resources */,
			);
			runOnlyForDeploymentPostprocessing = 0;
		};
/* End PBXResourcesBuildPhase section */

/* Begin PBXSourcesBuildPhase section */
		2B19AC8B247441B100889BC7 /* Sources */ = {
			isa = PBXSourcesBuildPhase;
			buildActionMask = 2147483647;
			files = (
				2B19AC97247441B100889BC7 /* ViewController.swift in Sources */,
				2B19AC93247441B100889BC7 /* AppDelegate.swift in Sources */,
				2B19AC95247441B100889BC7 /* SceneDelegate.swift in Sources */,
			);
			runOnlyForDeploymentPostprocessing = 0;
		};
/* End PBXSourcesBuildPhase section */

/* Begin PBXVariantGroup section */
		2B19AC98247441B100889BC7 /* Main.storyboard */ = {
			isa = PBXVariantGroup;
			children = (
				2B19AC99247441B100889BC7 /* Base */,
			);
			name = Main.storyboard;
			sourceTree = "<group>";
		};
		2B19AC9D247441B200889BC7 /* LaunchScreen.storyboard */ = {
			isa = PBXVariantGroup;
			children = (
				2B19AC9E247441B200889BC7 /* Base */,
			);
			name = LaunchScreen.storyboard;
			sourceTree = "<group>";
		};
/* End PBXVariantGroup section */

/* Begin XCBuildConfiguration section */
		2B19ACA1247441B200889BC7 /* Debug */ = {
			isa = XCBuildConfiguration;
			buildSettings = {
				ALWAYS_SEARCH_USER_PATHS = NO;
				CLANG_ANALYZER_NONNULL = YES;
				CLANG_ANALYZER_NUMBER_OBJECT_CONVERSION = YES_AGGRESSIVE;
				CLANG_CXX_LANGUAGE_STANDARD = "gnu++14";
				CLANG_CXX_LIBRARY = "libc++";
				CLANG_ENABLE_MODULES = YES;
				CLANG_ENABLE_OBJC_ARC = YES;
				CLANG_ENABLE_OBJC_WEAK = YES;
				CLANG_WARN_BLOCK_CAPTURE_AUTORELEASING = YES;
				CLANG_WARN_BOOL_CONVERSION = YES;
				CLANG_WARN_COMMA = YES;
				CLANG_WARN_CONSTANT_CONVERSION = YES;
				CLANG_WARN_DEPRECATED_OBJC_IMPLEMENTATIONS = YES;
				CLANG_WARN_DIRECT_OBJC_ISA_USAGE = YES_ERROR;
				CLANG_WARN_DOCUMENTATION_COMMENTS = YES;
				CLANG_WARN_EMPTY_BODY = YES;
				CLANG_WARN_ENUM_CONVERSION = YES;
				CLANG_WARN_INFINITE_RECURSION = YES;
				CLANG_WARN_INT_CONVERSION = YES;
				CLANG_WARN_NON_LITERAL_NULL_CONVERSION = YES;
				CLANG_WARN_OBJC_IMPLICIT_RETAIN_SELF = YES;
				CLANG_WARN_OBJC_LITERAL_CONVERSION = YES;
				CLANG_WARN_OBJC_ROOT_CLASS = YES_ERROR;
				CLANG_WARN_RANGE_LOOP_ANALYSIS = YES;
				CLANG_WARN_STRICT_PROTOTYPES = YES;
				CLANG_WARN_SUSPICIOUS_MOVE = YES;
				CLANG_WARN_UNGUARDED_AVAILABILITY = YES_AGGRESSIVE;
				CLANG_WARN_UNREACHABLE_CODE = YES;
				CLANG_WARN__DUPLICATE_METHOD_MATCH = YES;
				COPY_PHASE_STRIP = NO;
				DEBUG_INFORMATION_FORMAT = dwarf;
				ENABLE_STRICT_OBJC_MSGSEND = YES;
				ENABLE_TESTABILITY = YES;
				GCC_C_LANGUAGE_STANDARD = gnu11;
				GCC_DYNAMIC_NO_PIC = NO;
				GCC_NO_COMMON_BLOCKS = YES;
				GCC_OPTIMIZATION_LEVEL = 0;
				GCC_PREPROCESSOR_DEFINITIONS = (
					"DEBUG=1",
					"$(inherited)",
				);
				GCC_WARN_64_TO_32_BIT_CONVERSION = YES;
				GCC_WARN_ABOUT_RETURN_TYPE = YES_ERROR;
				GCC_WARN_UNDECLARED_SELECTOR = YES;
				GCC_WARN_UNINITIALIZED_AUTOS = YES_AGGRESSIVE;
				GCC_WARN_UNUSED_FUNCTION = YES;
				GCC_WARN_UNUSED_VARIABLE = YES;
				IPHONEOS_DEPLOYMENT_TARGET = 13.4;
				MTL_ENABLE_DEBUG_INFO = INCLUDE_SOURCE;
				MTL_FAST_MATH = YES;
				ONLY_ACTIVE_ARCH = YES;
				SDKROOT = iphoneos;
				SWIFT_ACTIVE_COMPILATION_CONDITIONS = DEBUG;
				SWIFT_OPTIMIZATION_LEVEL = "-Onone";
			};
			name = Debug;
		};
		2B19ACA2247441B200889BC7 /* Release */ = {
			isa = XCBuildConfiguration;
			buildSettings = {
				ALWAYS_SEARCH_USER_PATHS = NO;
				CLANG_ANALYZER_NONNULL = YES;
				CLANG_ANALYZER_NUMBER_OBJECT_CONVERSION = YES_AGGRESSIVE;
				CLANG_CXX_LANGUAGE_STANDARD = "gnu++14";
				CLANG_CXX_LIBRARY = "libc++";
				CLANG_ENABLE_MODULES = YES;
				CLANG_ENABLE_OBJC_ARC = YES;
				CLANG_ENABLE_OBJC_WEAK = YES;
				CLANG_WARN_BLOCK_CAPTURE_AUTORELEASING = YES;
				CLANG_WARN_BOOL_CONVERSION = YES;
				CLANG_WARN_COMMA = YES;
				CLANG_WARN_CONSTANT_CONVERSION = YES;
				CLANG_WARN_DEPRECATED_OBJC_IMPLEMENTATIONS = YES;
				CLANG_WARN_DIRECT_OBJC_ISA_USAGE = YES_ERROR;
				CLANG_WARN_DOCUMENTATION_COMMENTS = YES;
				CLANG_WARN_EMPTY_BODY = YES;
				CLANG_WARN_ENUM_CONVERSION = YES;
				CLANG_WARN_INFINITE_RECURSION = YES;
				CLANG_WARN_INT_CONVERSION = YES;
				CLANG_WARN_NON_LITERAL_NULL_CONVERSION = YES;
				CLANG_WARN_OBJC_IMPLICIT_RETAIN_SELF = YES;
				CLANG_WARN_OBJC_LITERAL_CONVERSION = YES;
				CLANG_WARN_OBJC_ROOT_CLASS = YES_ERROR;
				CLANG_WARN_RANGE_LOOP_ANALYSIS = YES;
				CLANG_WARN_STRICT_PROTOTYPES = YES;
				CLANG_WARN_SUSPICIOUS_MOVE = YES;
				CLANG_WARN_UNGUARDED_AVAILABILITY = YES_AGGRESSIVE;
				CLANG_WARN_UNREACHABLE_CODE = YES;
				CLANG_WARN__DUPLICATE_METHOD_MATCH = YES;
				COPY_PHASE_STRIP = NO;
				DEBUG_INFORMATION_FORMAT = "dwarf-with-dsym";
				ENABLE_NS_ASSERTIONS = NO;
				ENABLE_STRICT_OBJC_MSGSEND = YES;
				GCC_C_LANGUAGE_STANDARD = gnu11;
				GCC_NO_COMMON_BLOCKS = YES;
				GCC_WARN_64_TO_32_BIT_CONVERSION = YES;
				GCC_WARN_ABOUT_RETURN_TYPE = YES_ERROR;
				GCC_WARN_UNDECLARED_SELECTOR = YES;
				GCC_WARN_UNINITIALIZED_AUTOS = YES_AGGRESSIVE;
				GCC_WARN_UNUSED_FUNCTION = YES;
				GCC_WARN_UNUSED_VARIABLE = YES;
				IPHONEOS_DEPLOYMENT_TARGET = 13.4;
				MTL_ENABLE_DEBUG_INFO = NO;
				MTL_FAST_MATH = YES;
				SDKROOT = iphoneos;
				SWIFT_COMPILATION_MODE = wholemodule;
				SWIFT_OPTIMIZATION_LEVEL = "-O";
				VALIDATE_PRODUCT = YES;
			};
			name = Release;
		};
		2B19ACA4247441B200889BC7 /* Debug */ = {
			isa = XCBuildConfiguration;
			buildSettings = {
				ASSETCATALOG_COMPILER_APPICON_NAME = AppIcon;
				CODE_SIGN_STYLE = Automatic;
				DEVELOPMENT_TEAM = 2ZXQUQVQEL;
				INFOPLIST_FILE = "ParshinPS_HW2.1 task 2/Info.plist";
				LD_RUNPATH_SEARCH_PATHS = (
					"$(inherited)",
					"@executable_path/Frameworks",
				);
				PRODUCT_BUNDLE_IDENTIFIER = "ru.pavelparshin.ParshinPS-HW2-1-task-2";
				PRODUCT_NAME = "Traffic lights";
				SWIFT_VERSION = 5.0;
				TARGETED_DEVICE_FAMILY = 1;
			};
			name = Debug;
		};
		2B19ACA5247441B200889BC7 /* Release */ = {
			isa = XCBuildConfiguration;
			buildSettings = {
				ASSETCATALOG_COMPILER_APPICON_NAME = AppIcon;
				CODE_SIGN_STYLE = Automatic;
				DEVELOPMENT_TEAM = 2ZXQUQVQEL;
				INFOPLIST_FILE = "ParshinPS_HW2.1 task 2/Info.plist";
				LD_RUNPATH_SEARCH_PATHS = (
					"$(inherited)",
					"@executable_path/Frameworks",
				);
				PRODUCT_BUNDLE_IDENTIFIER = "ru.pavelparshin.ParshinPS-HW2-1-task-2";
				PRODUCT_NAME = "Traffic lights";
				SWIFT_VERSION = 5.0;
				TARGETED_DEVICE_FAMILY = 1;
			};
			name = Release;
		};
/* End XCBuildConfiguration section */

/* Begin XCConfigurationList section */
		2B19AC8A247441B100889BC7 /* Build configuration list for PBXProject "ParshinPS_HW2.1 task 2" */ = {
			isa = XCConfigurationList;
			buildConfigurations = (
				2B19ACA1247441B200889BC7 /* Debug */,
				2B19ACA2247441B200889BC7 /* Release */,
			);
			defaultConfigurationIsVisible = 0;
			defaultConfigurationName = Release;
		};
		2B19ACA3247441B200889BC7 /* Build configuration list for PBXNativeTarget "ParshinPS_HW2.1 task 2" */ = {
			isa = XCConfigurationList;
			buildConfigurations = (
				2B19ACA4247441B200889BC7 /* Debug */,
				2B19ACA5247441B200889BC7 /* Release */,
			);
			defaultConfigurationIsVisible = 0;
			defaultConfigurationName = Release;
		};
/* End XCConfigurationList section */
	};
	rootObject = 2B19AC87247441B100889BC7 /* Project object */;
}
